// !$*UTF8*$!
{
	archiveVersion = 1;
	classes = {
	};
	objectVersion = 46;
	objects = {

/* Begin PBXBuildFile section */
		3E236BD71C98FAC900F59569 /* main.cpp in Sources */ = {isa = PBXBuildFile; fileRef = 3E236BD61C98FAC900F59569 /* main.cpp */; };
/* End PBXBuildFile section */

/* Begin PBXCopyFilesBuildPhase section */
		3E236BD11C98FAC900F59569 /* CopyFiles */ = {
			isa = PBXCopyFilesBuildPhase;
			buildActionMask = 2147483647;
			dstPath = /usr/share/man/man1/;
			dstSubfolderSpec = 0;
			files = (
			);
			runOnlyForDeploymentPostprocessing = 1;
		};
/* End PBXCopyFilesBuildPhase section */

/* Begin PBXFileReference section */
		3E1F59A61C9A56CD00F64890 /* BinaryTree.h */ = {isa = PBXFileReference; lastKnownFileType = sourcecode.c.h; name = BinaryTree.h; path = gists/aa19fea6b2084a5c5a1f/BinaryTree.h; sourceTree = SOURCE_ROOT; };
		3E236BD31C98FAC900F59569 /* Data Structures */ = {isa = PBXFileReference; explicitFileType = "compiled.mach-o.executable"; includeInIndex = 0; path = "Data Structures"; sourceTree = BUILT_PRODUCTS_DIR; };
		3E236BD61C98FAC900F59569 /* main.cpp */ = {isa = PBXFileReference; lastKnownFileType = sourcecode.cpp.cpp; path = main.cpp; sourceTree = "<group>"; };
		3E236BDE1C99087400F59569 /* List.h */ = {isa = PBXFileReference; lastKnownFileType = sourcecode.c.h; name = List.h; path = gists/4469c6263afb1d0dce41/List.h; sourceTree = SOURCE_ROOT; };
		3E236BDF1C9910E100F59569 /* Stack.h */ = {isa = PBXFileReference; lastKnownFileType = sourcecode.c.h; name = Stack.h; path = gists/2444540da062e837ff9a/Stack.h; sourceTree = SOURCE_ROOT; };
		3E236BE01C99172500F59569 /* Queue.h */ = {isa = PBXFileReference; lastKnownFileType = sourcecode.c.h; name = Queue.h; path = gists/73e02dfb5eb4356b6b16/Queue.h; sourceTree = SOURCE_ROOT; };
/* End PBXFileReference section */

/* Begin PBXFrameworksBuildPhase section */
		3E236BD01C98FAC900F59569 /* Frameworks */ = {
			isa = PBXFrameworksBuildPhase;
			buildActionMask = 2147483647;
			files = (
			);
			runOnlyForDeploymentPostprocessing = 0;
		};
/* End PBXFrameworksBuildPhase section */

/* Begin PBXGroup section */
		3E236BCA1C98FAC900F59569 = {
			isa = PBXGroup;
			children = (
				3E236BD51C98FAC900F59569 /* Data Structures */,
				3E236BD41C98FAC900F59569 /* Products */,
			);
			sourceTree = "<group>";
		};
		3E236BD41C98FAC900F59569 /* Products */ = {
			isa = PBXGroup;
			children = (
				3E236BD31C98FAC900F59569 /* Data Structures */,
			);
			name = Products;
			sourceTree = "<group>";
		};
		3E236BD51C98FAC900F59569 /* Data Structures */ = {
			isa = PBXGroup;
			children = (
				3E236BDE1C99087400F59569 /* List.h */,
				3E236BDF1C9910E100F59569 /* Stack.h */,
				3E236BE01C99172500F59569 /* Queue.h */,
				3E1F59A61C9A56CD00F64890 /* BinaryTree.h */,
				3E236BD61C98FAC900F59569 /* main.cpp */,
			);
			path = "Data Structures";
			sourceTree = "<group>";
		};
/* End PBXGroup section */

/* Begin PBXNativeTarget section */
		3E236BD21C98FAC900F59569 /* Data Structures */ = {
			isa = PBXNativeTarget;
			buildConfigurationList = 3E236BDA1C98FAC900F59569 /* Build configuration list for PBXNativeTarget "Data Structures" */;
			buildPhases = (
				3E236BCF1C98FAC900F59569 /* Sources */,
				3E236BD01C98FAC900F59569 /* Frameworks */,
				3E236BD11C98FAC900F59569 /* CopyFiles */,
			);
			buildRules = (
			);
			dependencies = (
			);
			name = "Data Structures";
			productName = "Data Structures";
			productReference = 3E236BD31C98FAC900F59569 /* Data Structures */;
			productType = "com.apple.product-type.tool";
		};
/* End PBXNativeTarget section */

/* Begin PBXProject section */
		3E236BCB1C98FAC900F59569 /* Project object */ = {
			isa = PBXProject;
			attributes = {
				LastUpgradeCheck = 0720;
				ORGANIZATIONNAME = ByteApps;
				TargetAttributes = {
					3E236BD21C98FAC900F59569 = {
						CreatedOnToolsVersion = 7.2.1;
					};
				};
			};
			buildConfigurationList = 3E236BCE1C98FAC900F59569 /* Build configuration list for PBXProject "Data Structures" */;
			compatibilityVersion = "Xcode 3.2";
			developmentRegion = English;
			hasScannedForEncodings = 0;
			knownRegions = (
				en,
			);
			mainGroup = 3E236BCA1C98FAC900F59569;
			productRefGroup = 3E236BD41C98FAC900F59569 /* Products */;
			projectDirPath = "";
			projectRoot = "";
			targets = (
				3E236BD21C98FAC900F59569 /* Data Structures */,
			);
		};
/* End PBXProject section */

/* Begin PBXSourcesBuildPhase section */
		3E236BCF1C98FAC900F59569 /* Sources */ = {
			isa = PBXSourcesBuildPhase;
			buildActionMask = 2147483647;
			files = (
				3E236BD71C98FAC900F59569 /* main.cpp in Sources */,
			);
			runOnlyForDeploymentPostprocessing = 0;
		};
/* End PBXSourcesBuildPhase section */

/* Begin XCBuildConfiguration section */
		3E236BD81C98FAC900F59569 /* Debug */ = {
			isa = XCBuildConfiguration;
			buildSettings = {
				ALWAYS_SEARCH_USER_PATHS = NO;
				CLANG_CXX_LANGUAGE_STANDARD = "gnu++0x";
				CLANG_CXX_LIBRARY = "libc++";
				CLANG_ENABLE_MODULES = YES;
				CLANG_ENABLE_OBJC_ARC = YES;
				CLANG_WARN_BOOL_CONVERSION = YES;
				CLANG_WARN_CONSTANT_CONVERSION = YES;
				CLANG_WARN_DIRECT_OBJC_ISA_USAGE = YES_ERROR;
				CLANG_WARN_EMPTY_BODY = YES;
				CLANG_WARN_ENUM_CONVERSION = YES;
				CLANG_WARN_INT_CONVERSION = YES;
				CLANG_WARN_OBJC_ROOT_CLASS = YES_ERROR;
				CLANG_WARN_UNREACHABLE_CODE = YES;
				CLANG_WARN__DUPLICATE_METHOD_MATCH = YES;
				CODE_SIGN_IDENTITY = "-";
				COPY_PHASE_STRIP = NO;
				DEBUG_INFORMATION_FORMAT = dwarf;
				ENABLE_STRICT_OBJC_MSGSEND = YES;
				ENABLE_TESTABILITY = YES;
				GCC_C_LANGUAGE_STANDARD = gnu99;
				GCC_DYNAMIC_NO_PIC = NO;
				GCC_NO_COMMON_BLOCKS = YES;
				GCC_OPTIMIZATION_LEVEL = 0;
				GCC_PREPROCESSOR_DEFINITIONS = (
					"DEBUG=1",
					"$(inherited)",
				);
				GCC_WARN_64_TO_32_BIT_CONVERSION = YES;
				GCC_WARN_ABOUT_RETURN_TYPE = YES_ERROR;
				GCC_WARN_UNDECLARED_SELECTOR = YES;
				GCC_WARN_UNINITIALIZED_AUTOS = YES_AGGRESSIVE;
				GCC_WARN_UNUSED_FUNCTION = YES;
				GCC_WARN_UNUSED_VARIABLE = YES;
				MACOSX_DEPLOYMENT_TARGET = 10.11;
				MTL_ENABLE_DEBUG_INFO = YES;
				ONLY_ACTIVE_ARCH = YES;
				SDKROOT = macosx;
			};
			name = Debug;
		};
		3E236BD91C98FAC900F59569 /* Release */ = {
			isa = XCBuildConfiguration;
			buildSettings = {
				ALWAYS_SEARCH_USER_PATHS = NO;
				CLANG_CXX_LANGUAGE_STANDARD = "gnu++0x";
				CLANG_CXX_LIBRARY = "libc++";
				CLANG_ENABLE_MODULES = YES;
				CLANG_ENABLE_OBJC_ARC = YES;
				CLANG_WARN_BOOL_CONVERSION = YES;
				CLANG_WARN_CONSTANT_CONVERSION = YES;
				CLANG_WARN_DIRECT_OBJC_ISA_USAGE = YES_ERROR;
				CLANG_WARN_EMPTY_BODY = YES;
				CLANG_WARN_ENUM_CONVERSION = YES;
				CLANG_WARN_INT_CONVERSION = YES;
				CLANG_WARN_OBJC_ROOT_CLASS = YES_ERROR;
				CLANG_WARN_UNREACHABLE_CODE = YES;
				CLANG_WARN__DUPLICATE_METHOD_MATCH = YES;
				CODE_SIGN_IDENTITY = "-";
				COPY_PHASE_STRIP = NO;
				DEBUG_INFORMATION_FORMAT = "dwarf-with-dsym";
				ENABLE_NS_ASSERTIONS = NO;
				ENABLE_STRICT_OBJC_MSGSEND = YES;
				GCC_C_LANGUAGE_STANDARD = gnu99;
				GCC_NO_COMMON_BLOCKS = YES;
				GCC_WARN_64_TO_32_BIT_CONVERSION = YES;
				GCC_WARN_ABOUT_RETURN_TYPE = YES_ERROR;
				GCC_WARN_UNDECLARED_SELECTOR = YES;
				GCC_WARN_UNINITIALIZED_AUTOS = YES_AGGRESSIVE;
				GCC_WARN_UNUSED_FUNCTION = YES;
				GCC_WARN_UNUSED_VARIABLE = YES;
				MACOSX_DEPLOYMENT_TARGET = 10.11;
				MTL_ENABLE_DEBUG_INFO = NO;
				SDKROOT = macosx;
			};
			name = Release;
		};
		3E236BDB1C98FAC900F59569 /* Debug */ = {
			isa = XCBuildConfiguration;
			buildSettings = {
				PRODUCT_NAME = "$(TARGET_NAME)";
			};
			name = Debug;
		};
		3E236BDC1C98FAC900F59569 /* Release */ = {
			isa = XCBuildConfiguration;
			buildSettings = {
				PRODUCT_NAME = "$(TARGET_NAME)";
			};
			name = Release;
		};
/* End XCBuildConfiguration section */

/* Begin XCConfigurationList section */
		3E236BCE1C98FAC900F59569 /* Build configuration list for PBXProject "Data Structures" */ = {
			isa = XCConfigurationList;
			buildConfigurations = (
				3E236BD81C98FAC900F59569 /* Debug */,
				3E236BD91C98FAC900F59569 /* Release */,
			);
			defaultConfigurationIsVisible = 0;
			defaultConfigurationName = Release;
		};
		3E236BDA1C98FAC900F59569 /* Build configuration list for PBXNativeTarget "Data Structures" */ = {
			isa = XCConfigurationList;
			buildConfigurations = (
				3E236BDB1C98FAC900F59569 /* Debug */,
				3E236BDC1C98FAC900F59569 /* Release */,
			);
			defaultConfigurationIsVisible = 0;
			defaultConfigurationName = Release;
		};
/* End XCConfigurationList section */
	};
	rootObject = 3E236BCB1C98FAC900F59569 /* Project object */;
}
